
Microsoft Visual Studio Solution File, Format Version 12.00
# Visual Studio Version 16
VisualStudioVersion = 16.0.810.25
MinimumVisualStudioVersion = 10.0.40219.1
Project("{FAE04EC0-301F-11D3-BF4B-00C04F79EFBC}") = "ClassesExercise", "ClassesExercise.csproj", "{E06904FB-9206-4FE2-9B2A-CF8B07629299}"
EndProject
Global
	GlobalSection(SolutionConfigurationPlatforms) = preSolution
		Debug|anycpu = Debug|anycpu
		Release|anycpu = Release|anycpu
	EndGlobalSection
	GlobalSection(ProjectConfigurationPlatforms) = postSolution
		{E06904FB-9206-4FE2-9B2A-CF8B07629299}.Debug|anycpu.ActiveCfg = Debug|anycpu
		{E06904FB-9206-4FE2-9B2A-CF8B07629299}.Debug|anycpu.Build.0 = Debug|anycpu
		{E06904FB-9206-4FE2-9B2A-CF8B07629299}.Release|anycpu.ActiveCfg = Release|anycpu
		{E06904FB-9206-4FE2-9B2A-CF8B07629299}.Release|anycpu.Build.0 = Release|anycpu
	EndGlobalSection
	GlobalSection(SolutionProperties) = preSolution
		HideSolutionNode = FALSE
	EndGlobalSection
	GlobalSection(ExtensibilityGlobals) = postSolution
		SolutionGuid = {16E324BA-0282-4A1F-80E9-78AE629121ED}
	EndGlobalSection
EndGlobal
